
Microsoft Visual Studio Solution File, Format Version 12.00
# Visual Studio Version 17
VisualStudioVersion = 17.0.32112.339
MinimumVisualStudioVersion = 10.0.40219.1
Project("{FAE04EC0-301F-11D3-BF4B-00C04F79EFBC}") = "CTDLGT", "CTDLGT\CTDLGT.csproj", "{40A2AC3C-D027-4006-81BC-1083872AEF06}"
EndProject
Global
	GlobalSection(SolutionConfigurationPlatforms) = preSolution
		Debug|Any CPU = Debug|Any CPU
		Release|Any CPU = Release|Any CPU
	EndGlobalSection
	GlobalSection(ProjectConfigurationPlatforms) = postSolution
		{40A2AC3C-D027-4006-81BC-1083872AEF06}.Debug|Any CPU.ActiveCfg = Debug|Any CPU
		{40A2AC3C-D027-4006-81BC-1083872AEF06}.Debug|Any CPU.Build.0 = Debug|Any CPU
		{40A2AC3C-D027-4006-81BC-1083872AEF06}.Release|Any CPU.ActiveCfg = Release|Any CPU
		{40A2AC3C-D027-4006-81BC-1083872AEF06}.Release|Any CPU.Build.0 = Release|Any CPU
	EndGlobalSection
	GlobalSection(SolutionProperties) = preSolution
		HideSolutionNode = FALSE
	EndGlobalSection
	GlobalSection(ExtensibilityGlobals) = postSolution
		SolutionGuid = {7F89791E-99E5-449D-93A2-29501E4861C3}
	EndGlobalSection
EndGlobal
